// !$*UTF8*$!
{
	archiveVersion = 1;
	classes = {
	};
	objectVersion = 46;
	objects = {

/* Begin PBXBuildFile section */
		D21BCE061B98DF2E00F8CD41 /* AppDelegate.swift in Sources */ = {isa = PBXBuildFile; fileRef = D21BCE051B98DF2E00F8CD41 /* AppDelegate.swift */; };
		D21BCE081B98DF2E00F8CD41 /* Images.xcassets in Resources */ = {isa = PBXBuildFile; fileRef = D21BCE071B98DF2E00F8CD41 /* Images.xcassets */; };
		D21BCE0B1B98DF2E00F8CD41 /* MainMenu.xib in Resources */ = {isa = PBXBuildFile; fileRef = D21BCE091B98DF2E00F8CD41 /* MainMenu.xib */; };
		D26FDA491BDD205E00517730 /* CGRectExtensions.swift in Sources */ = {isa = PBXBuildFile; fileRef = D26FDA481BDD205E00517730 /* CGRectExtensions.swift */; };
		D2AF38741BDA7F9400577D1D /* Extensions.swift in Sources */ = {isa = PBXBuildFile; fileRef = D2AF38731BDA7F9400577D1D /* Extensions.swift */; };
		D2AF387E1BDA935A00577D1D /* MainPopupViewController.swift in Sources */ = {isa = PBXBuildFile; fileRef = D2AF387C1BDA935A00577D1D /* MainPopupViewController.swift */; };
		D2AF387F1BDA935A00577D1D /* MainPopupViewController.xib in Resources */ = {isa = PBXBuildFile; fileRef = D2AF387D1BDA935A00577D1D /* MainPopupViewController.xib */; };
		D2AF38811BDAAD3100577D1D /* MainPopupViewModel.swift in Sources */ = {isa = PBXBuildFile; fileRef = D2AF38801BDAAD3100577D1D /* MainPopupViewModel.swift */; };
		D2AF38851BDAAD6200577D1D /* BaseViewModel.swift in Sources */ = {isa = PBXBuildFile; fileRef = D2AF38841BDAAD6200577D1D /* BaseViewModel.swift */; };
		D2AF38871BDAAD9100577D1D /* BaseViewController.swift in Sources */ = {isa = PBXBuildFile; fileRef = D2AF38861BDAAD9100577D1D /* BaseViewController.swift */; };
		D2AF38891BDAADAC00577D1D /* Logger.swift in Sources */ = {isa = PBXBuildFile; fileRef = D2AF38881BDAADAC00577D1D /* Logger.swift */; };
		D2AF388B1BDACCC700577D1D /* TimerView.swift in Sources */ = {isa = PBXBuildFile; fileRef = D2AF388A1BDACCC700577D1D /* TimerView.swift */; };
		D2AF388D1BDACE3900577D1D /* GlobalFunctions.swift in Sources */ = {isa = PBXBuildFile; fileRef = D2AF388C1BDACE3900577D1D /* GlobalFunctions.swift */; };
		F0289AF090F6BAF52C9779C3 /* Pods.framework in Frameworks */ = {isa = PBXBuildFile; fileRef = D517F73B6406B96621A055B1 /* Pods.framework */; };
/* End PBXBuildFile section */

/* Begin PBXFileReference section */
		51A20D13ABAB0E367C34ADFE /* Pods.release.xcconfig */ = {isa = PBXFileReference; includeInIndex = 1; lastKnownFileType = text.xcconfig; name = Pods.release.xcconfig; path = "Pods/Target Support Files/Pods/Pods.release.xcconfig"; sourceTree = "<group>"; };
		57FDFB9FCAE35DC4F3A034D3 /* Pods.debug.xcconfig */ = {isa = PBXFileReference; includeInIndex = 1; lastKnownFileType = text.xcconfig; name = Pods.debug.xcconfig; path = "Pods/Target Support Files/Pods/Pods.debug.xcconfig"; sourceTree = "<group>"; };
		D21BCE001B98DF2E00F8CD41 /* CoopClocker-osx.app */ = {isa = PBXFileReference; explicitFileType = wrapper.application; includeInIndex = 0; path = "CoopClocker-osx.app"; sourceTree = BUILT_PRODUCTS_DIR; };
		D21BCE041B98DF2E00F8CD41 /* Info.plist */ = {isa = PBXFileReference; lastKnownFileType = text.plist.xml; path = Info.plist; sourceTree = "<group>"; };
		D21BCE051B98DF2E00F8CD41 /* AppDelegate.swift */ = {isa = PBXFileReference; lastKnownFileType = sourcecode.swift; path = AppDelegate.swift; sourceTree = "<group>"; };
		D21BCE071B98DF2E00F8CD41 /* Images.xcassets */ = {isa = PBXFileReference; lastKnownFileType = folder.assetcatalog; path = Images.xcassets; sourceTree = "<group>"; };
		D21BCE0A1B98DF2E00F8CD41 /* Base */ = {isa = PBXFileReference; lastKnownFileType = file.xib; name = Base; path = Base.lproj/MainMenu.xib; sourceTree = "<group>"; };
		D26FDA481BDD205E00517730 /* CGRectExtensions.swift */ = {isa = PBXFileReference; fileEncoding = 4; lastKnownFileType = sourcecode.swift; path = CGRectExtensions.swift; sourceTree = "<group>"; };
		D2AF38731BDA7F9400577D1D /* Extensions.swift */ = {isa = PBXFileReference; fileEncoding = 4; lastKnownFileType = sourcecode.swift; name = Extensions.swift; path = Source/Extensions.swift; sourceTree = "<group>"; };
		D2AF387C1BDA935A00577D1D /* MainPopupViewController.swift */ = {isa = PBXFileReference; fileEncoding = 4; lastKnownFileType = sourcecode.swift; name = MainPopupViewController.swift; path = Source/View/MainPopupViewController.swift; sourceTree = "<group>"; };
		D2AF387D1BDA935A00577D1D /* MainPopupViewController.xib */ = {isa = PBXFileReference; fileEncoding = 4; lastKnownFileType = file.xib; name = MainPopupViewController.xib; path = Source/View/MainPopupViewController.xib; sourceTree = "<group>"; };
		D2AF38801BDAAD3100577D1D /* MainPopupViewModel.swift */ = {isa = PBXFileReference; fileEncoding = 4; lastKnownFileType = sourcecode.swift; name = MainPopupViewModel.swift; path = Source/ViewModel/MainPopupViewModel.swift; sourceTree = "<group>"; };
		D2AF38841BDAAD6200577D1D /* BaseViewModel.swift */ = {isa = PBXFileReference; fileEncoding = 4; lastKnownFileType = sourcecode.swift; name = BaseViewModel.swift; path = Source/Global/BaseClasses/BaseViewModel.swift; sourceTree = "<group>"; };
		D2AF38861BDAAD9100577D1D /* BaseViewController.swift */ = {isa = PBXFileReference; fileEncoding = 4; lastKnownFileType = sourcecode.swift; name = BaseViewController.swift; path = Source/Global/BaseClasses/BaseViewController.swift; sourceTree = "<group>"; };
		D2AF38881BDAADAC00577D1D /* Logger.swift */ = {isa = PBXFileReference; fileEncoding = 4; lastKnownFileType = sourcecode.swift; name = Logger.swift; path = Source/Global/Logger.swift; sourceTree = "<group>"; };
		D2AF388A1BDACCC700577D1D /* TimerView.swift */ = {isa = PBXFileReference; fileEncoding = 4; lastKnownFileType = sourcecode.swift; name = TimerView.swift; path = Source/View/TimerView.swift; sourceTree = "<group>"; };
		D2AF388C1BDACE3900577D1D /* GlobalFunctions.swift */ = {isa = PBXFileReference; fileEncoding = 4; lastKnownFileType = sourcecode.swift; name = GlobalFunctions.swift; path = Source/Global/GlobalFunctions.swift; sourceTree = "<group>"; };
		D517F73B6406B96621A055B1 /* Pods.framework */ = {isa = PBXFileReference; explicitFileType = wrapper.framework; includeInIndex = 0; path = Pods.framework; sourceTree = BUILT_PRODUCTS_DIR; };
/* End PBXFileReference section */

/* Begin PBXFrameworksBuildPhase section */
		D21BCDFD1B98DF2E00F8CD41 /* Frameworks */ = {
			isa = PBXFrameworksBuildPhase;
			buildActionMask = 2147483647;
			files = (
				F0289AF090F6BAF52C9779C3 /* Pods.framework in Frameworks */,
			);
			runOnlyForDeploymentPostprocessing = 0;
		};
/* End PBXFrameworksBuildPhase section */

/* Begin PBXGroup section */
		1496AA5A43EF9E8F4A3E6378 /* Frameworks */ = {
			isa = PBXGroup;
			children = (
				D517F73B6406B96621A055B1 /* Pods.framework */,
			);
			name = Frameworks;
			sourceTree = "<group>";
		};
		98F7B46B121715EC84A156A4 /* Pods */ = {
			isa = PBXGroup;
			children = (
				57FDFB9FCAE35DC4F3A034D3 /* Pods.debug.xcconfig */,
				51A20D13ABAB0E367C34ADFE /* Pods.release.xcconfig */,
			);
			name = Pods;
			sourceTree = "<group>";
		};
		D21BCDF71B98DF2E00F8CD41 = {
			isa = PBXGroup;
			children = (
				D21BCE021B98DF2E00F8CD41 /* CoopClocker-osx */,
				D21BCE011B98DF2E00F8CD41 /* Products */,
				98F7B46B121715EC84A156A4 /* Pods */,
				1496AA5A43EF9E8F4A3E6378 /* Frameworks */,
			);
			sourceTree = "<group>";
		};
		D21BCE011B98DF2E00F8CD41 /* Products */ = {
			isa = PBXGroup;
			children = (
				D21BCE001B98DF2E00F8CD41 /* CoopClocker-osx.app */,
			);
			name = Products;
			sourceTree = "<group>";
		};
		D21BCE021B98DF2E00F8CD41 /* CoopClocker-osx */ = {
			isa = PBXGroup;
			children = (
				D21BCE071B98DF2E00F8CD41 /* Images.xcassets */,
				D21BCE091B98DF2E00F8CD41 /* MainMenu.xib */,
				D2AF38721BDA7CA200577D1D /* Source */,
				D21BCE031B98DF2E00F8CD41 /* Supporting Files */,
			);
			path = "CoopClocker-osx";
			sourceTree = "<group>";
		};
		D21BCE031B98DF2E00F8CD41 /* Supporting Files */ = {
			isa = PBXGroup;
			children = (
				D21BCE041B98DF2E00F8CD41 /* Info.plist */,
			);
			name = "Supporting Files";
			sourceTree = "<group>";
		};
		D2AF38721BDA7CA200577D1D /* Source */ = {
			isa = PBXGroup;
			children = (
				D2AF38821BDAAD3B00577D1D /* Global */,
				D2AF38771BDA861900577D1D /* Service */,
				D2AF38761BDA861300577D1D /* ViewModel */,
				D2AF38751BDA860B00577D1D /* View */,
				D21BCE051B98DF2E00F8CD41 /* AppDelegate.swift */,
			);
			name = Source;
			sourceTree = "<group>";
		};
		D2AF38751BDA860B00577D1D /* View */ = {
			isa = PBXGroup;
			children = (
				D2AF387C1BDA935A00577D1D /* MainPopupViewController.swift */,
				D2AF387D1BDA935A00577D1D /* MainPopupViewController.xib */,
				D2AF388A1BDACCC700577D1D /* TimerView.swift */,
			);
			name = View;
			sourceTree = "<group>";
		};
		D2AF38761BDA861300577D1D /* ViewModel */ = {
			isa = PBXGroup;
			children = (
				D2AF38801BDAAD3100577D1D /* MainPopupViewModel.swift */,
			);
			name = ViewModel;
			sourceTree = "<group>";
		};
		D2AF38771BDA861900577D1D /* Service */ = {
			isa = PBXGroup;
			children = (
			);
			name = Service;
			sourceTree = "<group>";
		};
		D2AF38821BDAAD3B00577D1D /* Global */ = {
			isa = PBXGroup;
			children = (
				D2AF38831BDAAD4A00577D1D /* BaseClasses */,
				D2AF38881BDAADAC00577D1D /* Logger.swift */,
				D2AF388C1BDACE3900577D1D /* GlobalFunctions.swift */,
				D2AF38731BDA7F9400577D1D /* Extensions.swift */,
				D26FDA481BDD205E00517730 /* CGRectExtensions.swift */,
			);
			name = Global;
			sourceTree = "<group>";
		};
		D2AF38831BDAAD4A00577D1D /* BaseClasses */ = {
			isa = PBXGroup;
			children = (
				D2AF38841BDAAD6200577D1D /* BaseViewModel.swift */,
				D2AF38861BDAAD9100577D1D /* BaseViewController.swift */,
			);
			name = BaseClasses;
			sourceTree = "<group>";
		};
/* End PBXGroup section */

/* Begin PBXNativeTarget section */
		D21BCDFF1B98DF2E00F8CD41 /* CoopClocker-osx */ = {
			isa = PBXNativeTarget;
			buildConfigurationList = D21BCE1A1B98DF2E00F8CD41 /* Build configuration list for PBXNativeTarget "CoopClocker-osx" */;
			buildPhases = (
				346149964E948F69B8349E42 /* Check Pods Manifest.lock */,
				D21BCDFC1B98DF2E00F8CD41 /* Sources */,
				D21BCDFD1B98DF2E00F8CD41 /* Frameworks */,
				D21BCDFE1B98DF2E00F8CD41 /* Resources */,
				49EB0EC261FFDAEE7D0E7942 /* Embed Pods Frameworks */,
				506B7729772FB322D4A9F93B /* Copy Pods Resources */,
			);
			buildRules = (
			);
			dependencies = (
			);
			name = "CoopClocker-osx";
			productName = StatusBarPomodoro;
			productReference = D21BCE001B98DF2E00F8CD41 /* CoopClocker-osx.app */;
			productType = "com.apple.product-type.application";
		};
/* End PBXNativeTarget section */

/* Begin PBXProject section */
		D21BCDF81B98DF2E00F8CD41 /* Project object */ = {
			isa = PBXProject;
			attributes = {
				LastUpgradeCheck = 0640;
				ORGANIZATIONNAME = ballz;
				TargetAttributes = {
					D21BCDFF1B98DF2E00F8CD41 = {
						CreatedOnToolsVersion = 6.4;
					};
				};
			};
			buildConfigurationList = D21BCDFB1B98DF2E00F8CD41 /* Build configuration list for PBXProject "CoopClocker-osx" */;
			compatibilityVersion = "Xcode 3.2";
			developmentRegion = English;
			hasScannedForEncodings = 0;
			knownRegions = (
				en,
				Base,
			);
			mainGroup = D21BCDF71B98DF2E00F8CD41;
			productRefGroup = D21BCE011B98DF2E00F8CD41 /* Products */;
			projectDirPath = "";
			projectRoot = "";
			targets = (
				D21BCDFF1B98DF2E00F8CD41 /* CoopClocker-osx */,
			);
		};
/* End PBXProject section */

/* Begin PBXResourcesBuildPhase section */
		D21BCDFE1B98DF2E00F8CD41 /* Resources */ = {
			isa = PBXResourcesBuildPhase;
			buildActionMask = 2147483647;
			files = (
				D21BCE081B98DF2E00F8CD41 /* Images.xcassets in Resources */,
				D21BCE0B1B98DF2E00F8CD41 /* MainMenu.xib in Resources */,
				D2AF387F1BDA935A00577D1D /* MainPopupViewController.xib in Resources */,
			);
			runOnlyForDeploymentPostprocessing = 0;
		};
/* End PBXResourcesBuildPhase section */

/* Begin PBXShellScriptBuildPhase section */
		346149964E948F69B8349E42 /* Check Pods Manifest.lock */ = {
			isa = PBXShellScriptBuildPhase;
			buildActionMask = 2147483647;
			files = (
			);
			inputPaths = (
			);
			name = "Check Pods Manifest.lock";
			outputPaths = (
			);
			runOnlyForDeploymentPostprocessing = 0;
			shellPath = /bin/sh;
			shellScript = "diff \"${PODS_ROOT}/../Podfile.lock\" \"${PODS_ROOT}/Manifest.lock\" > /dev/null\nif [[ $? != 0 ]] ; then\n    cat << EOM\nerror: The sandbox is not in sync with the Podfile.lock. Run 'pod install' or update your CocoaPods installation.\nEOM\n    exit 1\nfi\n";
			showEnvVarsInLog = 0;
		};
		49EB0EC261FFDAEE7D0E7942 /* Embed Pods Frameworks */ = {
			isa = PBXShellScriptBuildPhase;
			buildActionMask = 2147483647;
			files = (
			);
			inputPaths = (
			);
			name = "Embed Pods Frameworks";
			outputPaths = (
			);
			runOnlyForDeploymentPostprocessing = 0;
			shellPath = /bin/sh;
			shellScript = "\"${SRCROOT}/Pods/Target Support Files/Pods/Pods-frameworks.sh\"\n";
			showEnvVarsInLog = 0;
		};
		506B7729772FB322D4A9F93B /* Copy Pods Resources */ = {
			isa = PBXShellScriptBuildPhase;
			buildActionMask = 2147483647;
			files = (
			);
			inputPaths = (
			);
			name = "Copy Pods Resources";
			outputPaths = (
			);
			runOnlyForDeploymentPostprocessing = 0;
			shellPath = /bin/sh;
			shellScript = "\"${SRCROOT}/Pods/Target Support Files/Pods/Pods-resources.sh\"\n";
			showEnvVarsInLog = 0;
		};
/* End PBXShellScriptBuildPhase section */

/* Begin PBXSourcesBuildPhase section */
		D21BCDFC1B98DF2E00F8CD41 /* Sources */ = {
			isa = PBXSourcesBuildPhase;
			buildActionMask = 2147483647;
			files = (
				D2AF38811BDAAD3100577D1D /* MainPopupViewModel.swift in Sources */,
				D2AF38851BDAAD6200577D1D /* BaseViewModel.swift in Sources */,
				D2AF387E1BDA935A00577D1D /* MainPopupViewController.swift in Sources */,
				D21BCE061B98DF2E00F8CD41 /* AppDelegate.swift in Sources */,
				D2AF38891BDAADAC00577D1D /* Logger.swift in Sources */,
				D2AF38741BDA7F9400577D1D /* Extensions.swift in Sources */,
				D2AF388B1BDACCC700577D1D /* TimerView.swift in Sources */,
				D26FDA491BDD205E00517730 /* CGRectExtensions.swift in Sources */,
				D2AF38871BDAAD9100577D1D /* BaseViewController.swift in Sources */,
				D2AF388D1BDACE3900577D1D /* GlobalFunctions.swift in Sources */,
			);
			runOnlyForDeploymentPostprocessing = 0;
		};
/* End PBXSourcesBuildPhase section */

/* Begin PBXVariantGroup section */
		D21BCE091B98DF2E00F8CD41 /* MainMenu.xib */ = {
			isa = PBXVariantGroup;
			children = (
				D21BCE0A1B98DF2E00F8CD41 /* Base */,
			);
			name = MainMenu.xib;
			sourceTree = "<group>";
		};
/* End PBXVariantGroup section */

/* Begin XCBuildConfiguration section */
		D21BCE181B98DF2E00F8CD41 /* Debug */ = {
			isa = XCBuildConfiguration;
			buildSettings = {
				ALWAYS_SEARCH_USER_PATHS = NO;
				CLANG_CXX_LANGUAGE_STANDARD = "gnu++0x";
				CLANG_CXX_LIBRARY = "libc++";
				CLANG_ENABLE_MODULES = YES;
				CLANG_ENABLE_OBJC_ARC = YES;
				CLANG_WARN_BOOL_CONVERSION = YES;
				CLANG_WARN_CONSTANT_CONVERSION = YES;
				CLANG_WARN_DIRECT_OBJC_ISA_USAGE = YES_ERROR;
				CLANG_WARN_EMPTY_BODY = YES;
				CLANG_WARN_ENUM_CONVERSION = YES;
				CLANG_WARN_INT_CONVERSION = YES;
				CLANG_WARN_OBJC_ROOT_CLASS = YES_ERROR;
				CLANG_WARN_UNREACHABLE_CODE = YES;
				CLANG_WARN__DUPLICATE_METHOD_MATCH = YES;
				CODE_SIGN_IDENTITY = "-";
				COPY_PHASE_STRIP = NO;
				DEBUG_INFORMATION_FORMAT = dwarf;
				ENABLE_STRICT_OBJC_MSGSEND = YES;
				GCC_C_LANGUAGE_STANDARD = gnu99;
				GCC_DYNAMIC_NO_PIC = NO;
				GCC_NO_COMMON_BLOCKS = YES;
				GCC_OPTIMIZATION_LEVEL = 0;
				GCC_PREPROCESSOR_DEFINITIONS = (
					"DEBUG=1",
					"$(inherited)",
				);
				GCC_SYMBOLS_PRIVATE_EXTERN = NO;
				GCC_WARN_64_TO_32_BIT_CONVERSION = YES;
				GCC_WARN_ABOUT_RETURN_TYPE = YES_ERROR;
				GCC_WARN_UNDECLARED_SELECTOR = YES;
				GCC_WARN_UNINITIALIZED_AUTOS = YES_AGGRESSIVE;
				GCC_WARN_UNUSED_FUNCTION = YES;
				GCC_WARN_UNUSED_VARIABLE = YES;
				MACOSX_DEPLOYMENT_TARGET = 10.10;
				MTL_ENABLE_DEBUG_INFO = YES;
				ONLY_ACTIVE_ARCH = YES;
				SDKROOT = macosx;
				SWIFT_OPTIMIZATION_LEVEL = "-Onone";
			};
			name = Debug;
		};
		D21BCE191B98DF2E00F8CD41 /* Release */ = {
			isa = XCBuildConfiguration;
			buildSettings = {
				ALWAYS_SEARCH_USER_PATHS = NO;
				CLANG_CXX_LANGUAGE_STANDARD = "gnu++0x";
				CLANG_CXX_LIBRARY = "libc++";
				CLANG_ENABLE_MODULES = YES;
				CLANG_ENABLE_OBJC_ARC = YES;
				CLANG_WARN_BOOL_CONVERSION = YES;
				CLANG_WARN_CONSTANT_CONVERSION = YES;
				CLANG_WARN_DIRECT_OBJC_ISA_USAGE = YES_ERROR;
				CLANG_WARN_EMPTY_BODY = YES;
				CLANG_WARN_ENUM_CONVERSION = YES;
				CLANG_WARN_INT_CONVERSION = YES;
				CLANG_WARN_OBJC_ROOT_CLASS = YES_ERROR;
				CLANG_WARN_UNREACHABLE_CODE = YES;
				CLANG_WARN__DUPLICATE_METHOD_MATCH = YES;
				CODE_SIGN_IDENTITY = "-";
				COPY_PHASE_STRIP = NO;
				DEBUG_INFORMATION_FORMAT = "dwarf-with-dsym";
				ENABLE_NS_ASSERTIONS = NO;
				ENABLE_STRICT_OBJC_MSGSEND = YES;
				GCC_C_LANGUAGE_STANDARD = gnu99;
				GCC_NO_COMMON_BLOCKS = YES;
				GCC_WARN_64_TO_32_BIT_CONVERSION = YES;
				GCC_WARN_ABOUT_RETURN_TYPE = YES_ERROR;
				GCC_WARN_UNDECLARED_SELECTOR = YES;
				GCC_WARN_UNINITIALIZED_AUTOS = YES_AGGRESSIVE;
				GCC_WARN_UNUSED_FUNCTION = YES;
				GCC_WARN_UNUSED_VARIABLE = YES;
				MACOSX_DEPLOYMENT_TARGET = 10.10;
				MTL_ENABLE_DEBUG_INFO = NO;
				SDKROOT = macosx;
			};
			name = Release;
		};
		D21BCE1B1B98DF2E00F8CD41 /* Debug */ = {
			isa = XCBuildConfiguration;
			baseConfigurationReference = 57FDFB9FCAE35DC4F3A034D3 /* Pods.debug.xcconfig */;
			buildSettings = {
				ASSETCATALOG_COMPILER_APPICON_NAME = AppIcon;
				COMBINE_HIDPI_IMAGES = YES;
				INFOPLIST_FILE = "$(SRCROOT)/CoopClocker-osx/Info.plist";
				LD_RUNPATH_SEARCH_PATHS = "$(inherited) @executable_path/../Frameworks";
				PRODUCT_NAME = "CoopClocker-osx";
			};
			name = Debug;
		};
		D21BCE1C1B98DF2E00F8CD41 /* Release */ = {
			isa = XCBuildConfiguration;
			baseConfigurationReference = 51A20D13ABAB0E367C34ADFE /* Pods.release.xcconfig */;
			buildSettings = {
				ASSETCATALOG_COMPILER_APPICON_NAME = AppIcon;
				COMBINE_HIDPI_IMAGES = YES;
				INFOPLIST_FILE = "$(SRCROOT)/CoopClocker-osx/Info.plist";
				LD_RUNPATH_SEARCH_PATHS = "$(inherited) @executable_path/../Frameworks";
				PRODUCT_NAME = "CoopClocker-osx";
			};
			name = Release;
		};
/* End XCBuildConfiguration section */

/* Begin XCConfigurationList section */
		D21BCDFB1B98DF2E00F8CD41 /* Build configuration list for PBXProject "CoopClocker-osx" */ = {
			isa = XCConfigurationList;
			buildConfigurations = (
				D21BCE181B98DF2E00F8CD41 /* Debug */,
				D21BCE191B98DF2E00F8CD41 /* Release */,
			);
			defaultConfigurationIsVisible = 0;
			defaultConfigurationName = Release;
		};
		D21BCE1A1B98DF2E00F8CD41 /* Build configuration list for PBXNativeTarget "CoopClocker-osx" */ = {
			isa = XCConfigurationList;
			buildConfigurations = (
				D21BCE1B1B98DF2E00F8CD41 /* Debug */,
				D21BCE1C1B98DF2E00F8CD41 /* Release */,
			);
			defaultConfigurationIsVisible = 0;
			defaultConfigurationName = Release;
		};
/* End XCConfigurationList section */
	};
	rootObject = D21BCDF81B98DF2E00F8CD41 /* Project object */;
}
