PODS:
  - Alamofire (1.3.1)
  - Argo (1.0.5):
    - Box (~> 1.2)
    - Runes (~> 2.0)
  - Box (1.2.2)
  - CryptoSwift (0.0.13)
  - Runes (2.0.0)
  - RxCocoa (1.9.1):
    - RxSwift (~> 1.0)
  - RxSwift (1.9.1)

DEPENDENCIES:
  - Alamofire (~> 1.3.0)
  - Argo (~> 1.0.0)
  - CryptoSwift (from `https://github.com/krzyzanowskim/CryptoSwift`, branch `swift12`)
  - RxCocoa (~> 1.9)
  - RxSwift (~> 1.9)

EXTERNAL SOURCES:
  CryptoSwift:
    :branch: swift12
    :git: https://github.com/krzyzanowskim/CryptoSwift

CHECKOUT OPTIONS:
  CryptoSwift:
    :commit: dc83ce9087e00017e34427c55801e20162f22d5c
    :git: https://github.com/krzyzanowskim/CryptoSwift

SPEC CHECKSUMS:
  Alamofire: e4ab637e3195b645c814b87a652373439e59f2a4
  Argo: 42e548333342c192c285e119254654903eec703a
  Box: a92e8aa4c099e6bc0733829665caf9e668ef53b8
  CryptoSwift: 33e2ba400d514a054c69e9f9f6c08a992e42f91c
  Runes: 4fe81355f4620b76b02176222d264b33e60dba51
  RxCocoa: b6665f77023bbdf428b92aa3338078e1e6bac39a
  RxSwift: 546de2efb7f97f748f6c637d00846d4dd8600f62

COCOAPODS: 0.39.0
